
Microsoft Visual Studio Solution File, Format Version 12.00
# Visual Studio 2017
Project("{FAE04EC0-301F-11D3-BF4B-00C04F79EFBC}") = "Tatooine.Plugins", "Tatooine.Plugins.csproj", "{981B1806-CC62-0DF2-F023-7CAA3A285FEB}"
EndProject
Project("{FAE04EC0-301F-11D3-BF4B-00C04F79EFBC}") = "Tatooine.Editor.Plugins", "Tatooine.Editor.Plugins.csproj", "{6B755F9D-0EE6-1BFA-12DC-F04B5F04E070}"
EndProject
Project("{FAE04EC0-301F-11D3-BF4B-00C04F79EFBC}") = "Unity.PackageManagerUI.Editor", "Unity.PackageManagerUI.Editor.csproj", "{6877705C-FBD9-0C4F-5AFB-6FB431E5D39D}"
EndProject
Project("{FAE04EC0-301F-11D3-BF4B-00C04F79EFBC}") = "UnityEditor.StandardEvents", "UnityEditor.StandardEvents.csproj", "{6800202F-4402-D405-F8CB-03DC7BD78B92}"
EndProject
Global
	GlobalSection(SolutionConfigurationPlatforms) = preSolution
		Debug|Any CPU = Debug|Any CPU
		Release|Any CPU = Release|Any CPU
	EndGlobalSection
	GlobalSection(ProjectConfigurationPlatforms) = postSolution
		{981B1806-CC62-0DF2-F023-7CAA3A285FEB}.Debug|Any CPU.ActiveCfg = Debug|Any CPU
		{981B1806-CC62-0DF2-F023-7CAA3A285FEB}.Debug|Any CPU.Build.0 = Debug|Any CPU
		{981B1806-CC62-0DF2-F023-7CAA3A285FEB}.Release|Any CPU.ActiveCfg = Release|Any CPU
		{981B1806-CC62-0DF2-F023-7CAA3A285FEB}.Release|Any CPU.Build.0 = Release|Any CPU
		{6B755F9D-0EE6-1BFA-12DC-F04B5F04E070}.Debug|Any CPU.ActiveCfg = Debug|Any CPU
		{6B755F9D-0EE6-1BFA-12DC-F04B5F04E070}.Debug|Any CPU.Build.0 = Debug|Any CPU
		{6B755F9D-0EE6-1BFA-12DC-F04B5F04E070}.Release|Any CPU.ActiveCfg = Release|Any CPU
		{6B755F9D-0EE6-1BFA-12DC-F04B5F04E070}.Release|Any CPU.Build.0 = Release|Any CPU
		{6877705C-FBD9-0C4F-5AFB-6FB431E5D39D}.Debug|Any CPU.ActiveCfg = Debug|Any CPU
		{6877705C-FBD9-0C4F-5AFB-6FB431E5D39D}.Debug|Any CPU.Build.0 = Debug|Any CPU
		{6877705C-FBD9-0C4F-5AFB-6FB431E5D39D}.Release|Any CPU.ActiveCfg = Release|Any CPU
		{6877705C-FBD9-0C4F-5AFB-6FB431E5D39D}.Release|Any CPU.Build.0 = Release|Any CPU
		{6800202F-4402-D405-F8CB-03DC7BD78B92}.Debug|Any CPU.ActiveCfg = Debug|Any CPU
		{6800202F-4402-D405-F8CB-03DC7BD78B92}.Debug|Any CPU.Build.0 = Debug|Any CPU
		{6800202F-4402-D405-F8CB-03DC7BD78B92}.Release|Any CPU.ActiveCfg = Release|Any CPU
		{6800202F-4402-D405-F8CB-03DC7BD78B92}.Release|Any CPU.Build.0 = Release|Any CPU
	EndGlobalSection
	GlobalSection(SolutionProperties) = preSolution
		HideSolutionNode = FALSE
	EndGlobalSection
EndGlobal
